github.com/gohugoio/hugo-mod-jslibs-dist/popperjs/v2 v2.21100.20000 h1:GZxx4Hc+yb0/t3/rau1j8XlAxLE4CyXns2fqQbyqWfs=
github.com/gohugoio/hugo-mod-jslibs-dist/popperjs/v2 v2.21100.20000/go.mod h1:mFberT6ZtcchrsDtfvJM7aAH2bDKLdOnruUHl0hlapI=
github.com/razonyang/hb-base v0.2.0 h1:Q27z3CWRVfO2q46a8bIeFlsTlx49RWH5LPuuWiPa9XQ=
github.com/razonyang/hb-base v0.2.0/go.mod h1:oqSGgvhFmpSIPYk/Bz4drgLYUXYt/I7Z+JR+MP2C3To=
github.com/razonyang/hb-footer v0.1.0 h1:vo8ZyQcwF8CWnCGv5SOzvV5qsrV6xJ4yYJ/BJBMR13k=
github.com/razonyang/hb-footer v0.1.0/go.mod h1:+NoFzsEVHEI2IS+wdc1h+wmaz4MkBy5Bq5BeHzXBS5Y=
github.com/razonyang/hb-header v0.1.2 h1:uRxg6qQ/fjhP7Udi+1fEU4CJPmmVBEBIhmcHXD4BLdw=
github.com/razonyang/hb-header v0.1.2/go.mod h1:J/IR1Qs6+pZ4LI4988fP9r3RSA7dhWeqM/BjW9CL0hA=
github.com/razonyang/hb-heading-sign v0.1.0 h1:3HOVf5dR7XWdAeop0pSXldrh9SIpLXWroLA9ZzqIAaU=
github.com/razonyang/hb-heading-sign v0.1.0/go.mod h1:QKxEZwlSy6K1X6ruQThpb4mIv08NMNIFrtSY3zmJYXg=
github.com/razonyang/hugo-mod-base v0.3.0 h1:+S1pYhACtACsxUIvvBHSP8KiCcqHW1kl+buSb5NyFJc=
github.com/razonyang/hugo-mod-base v0.3.0/go.mod h1:ZcaKeMZdNIRcijaDnpzluS5CJyUwWl42FEbtVo5UKZE=
github.com/razonyang/hugo-mod-icons v0.2.0 h1:xEeFV2bZnimG5KH+l0yWWYtq9doJODBM/IpX6DVB8xY=
github.com/razonyang/hugo-mod-icons v0.2.0/go.mod h1:4atUyrOOKz1CnywT6qdUy3KoK4hcsM/JnS/EvqDWgnY=
github.com/razonyang/hugopress v0.5.0 h1:3cUSiFQvjM9v4mkqVYdApEMLs7yB2B8vQg1ALV54CCw=
github.com/razonyang/hugopress v0.5.0/go.mod h1:vbHm/Fv59XztrpuCo9TUQwuH4ZWES9zWns7n5GSZn7k=
github.com/twbs/icons v1.10.3 h1:8i0wcDkk04KXd2ofLtMHUERkA5OkrpAzDyBVv/PJaL0=
github.com/twbs/icons v1.10.3/go.mod h1:GnRlymgVWp5iVJCMa0Me5b6tFyGpVc2bSxPMRGIJmyA=
