github.com/razonyang/hb v0.1.1 h1:hHS4z7YBv+Rh92Lj93bvz+pdmKqIQhgvUOptCBmJLDY=
github.com/razonyang/hb v0.1.1/go.mod h1:X02luEAFN9eoQTNdlef8xbWIw75UBibtde3FyoA8kaM=
github.com/razonyang/hb-blog v0.1.0 h1:7CUUUCRxPWSuur+8hKk3C7dG9UjaR4Ekwljn6zvCNxc=
github.com/razonyang/hb-blog v0.1.0/go.mod h1:g6qMhc5unWwNneD6MCpP16E9QIGTwzq+JUAv3Pf7IQ4=
github.com/razonyang/hugo-mod-icons-bootstrap v0.1.0 h1:MU0b6ABd3Uv0g97vmXLXfC+2rTfHxpiIhiJN9yFe7lQ=
github.com/razonyang/hugo-mod-icons-bootstrap v0.1.0/go.mod h1:oHcagv2he4eWiG/+S6hWt9FfI+gRrBbEhesQ7SoEMRo=
